
Microsoft Visual Studio Solution File, Format Version 12.00
# Visual Studio Version 17
VisualStudioVersion = 17.7.34003.232
MinimumVisualStudioVersion = 10.0.40219.1
Project("{FAE04EC0-301F-11D3-BF4B-00C04F79EFBC}") = "staticDem", "staticDem\staticDem.csproj", "{49F8C13B-89E7-4080-B8DA-130D2A1F3DD5}"
EndProject
Global
	GlobalSection(SolutionConfigurationPlatforms) = preSolution
		Debug|Any CPU = Debug|Any CPU
		Release|Any CPU = Release|Any CPU
	EndGlobalSection
	GlobalSection(ProjectConfigurationPlatforms) = postSolution
		{49F8C13B-89E7-4080-B8DA-130D2A1F3DD5}.Debug|Any CPU.ActiveCfg = Debug|Any CPU
		{49F8C13B-89E7-4080-B8DA-130D2A1F3DD5}.Debug|Any CPU.Build.0 = Debug|Any CPU
		{49F8C13B-89E7-4080-B8DA-130D2A1F3DD5}.Release|Any CPU.ActiveCfg = Release|Any CPU
		{49F8C13B-89E7-4080-B8DA-130D2A1F3DD5}.Release|Any CPU.Build.0 = Release|Any CPU
	EndGlobalSection
	GlobalSection(SolutionProperties) = preSolution
		HideSolutionNode = FALSE
	EndGlobalSection
	GlobalSection(ExtensibilityGlobals) = postSolution
		SolutionGuid = {F2CBD878-1D23-42BE-BD4D-874F32175AC6}
	EndGlobalSection
EndGlobal
